// !$*UTF8*$!
{
	archiveVersion = 1;
	classes = {
	};
	objectVersion = 46;
	objects = {

/* Begin PBXBuildFile section */
		57FCA5D01F1F6D2E001EC9C0 /* main.m in Sources */ = {isa = PBXBuildFile; fileRef = 57FCA5CF1F1F6D2E001EC9C0 /* main.m */; };
		57FCA5D31F1F6D2E001EC9C0 /* AppDelegate.m in Sources */ = {isa = PBXBuildFile; fileRef = 57FCA5D21F1F6D2E001EC9C0 /* AppDelegate.m */; };
		57FCA5D61F1F6D2E001EC9C0 /* ViewController.m in Sources */ = {isa = PBXBuildFile; fileRef = 57FCA5D51F1F6D2E001EC9C0 /* ViewController.m */; };
		57FCA5DB1F1F6D2E001EC9C0 /* Assets.xcassets in Resources */ = {isa = PBXBuildFile; fileRef = 57FCA5DA1F1F6D2E001EC9C0 /* Assets.xcassets */; };
		57FCA5DE1F1F6D2E001EC9C0 /* LaunchScreen.storyboard in Resources */ = {isa = PBXBuildFile; fileRef = 57FCA5DC1F1F6D2E001EC9C0 /* LaunchScreen.storyboard */; };
		57FCA5E91F1F6D2E001EC9C0 /* RevolutTests.m in Sources */ = {isa = PBXBuildFile; fileRef = 57FCA5E81F1F6D2E001EC9C0 /* RevolutTests.m */; };
		57FCA5F51F1F72C7001EC9C0 /* Router.m in Sources */ = {isa = PBXBuildFile; fileRef = 57FCA5F41F1F72C6001EC9C0 /* Router.m */; };
		57FCA5FA1F1F9926001EC9C0 /* SearchCurrencyOperation.m in Sources */ = {isa = PBXBuildFile; fileRef = 57FCA5F91F1F9926001EC9C0 /* SearchCurrencyOperation.m */; };
		57FCA5FD1F1FA395001EC9C0 /* AsyncOperation.m in Sources */ = {isa = PBXBuildFile; fileRef = 57FCA5FC1F1FA395001EC9C0 /* AsyncOperation.m */; };
		57FCA6021F1FB8E8001EC9C0 /* PageVCDataSource.m in Sources */ = {isa = PBXBuildFile; fileRef = 57FCA6011F1FB8E8001EC9C0 /* PageVCDataSource.m */; };
		57FCA6081F1FF0AA001EC9C0 /* ChildControllersViewModel.m in Sources */ = {isa = PBXBuildFile; fileRef = 57FCA6071F1FF0AA001EC9C0 /* ChildControllersViewModel.m */; };
		57FCA60B1F1FF320001EC9C0 /* ChildViewController.m in Sources */ = {isa = PBXBuildFile; fileRef = 57FCA60A1F1FF320001EC9C0 /* ChildViewController.m */; };
		57FCA60E1F20159C001EC9C0 /* ViewControllerViewModel.m in Sources */ = {isa = PBXBuildFile; fileRef = 57FCA60D1F20159C001EC9C0 /* ViewControllerViewModel.m */; };
		57FCA6131F20B869001EC9C0 /* PageVCDelegate.m in Sources */ = {isa = PBXBuildFile; fileRef = 57FCA6121F20B869001EC9C0 /* PageVCDelegate.m */; };
		57FCA6161F20CC13001EC9C0 /* TextFieldDelegate.m in Sources */ = {isa = PBXBuildFile; fileRef = 57FCA6151F20CC13001EC9C0 /* TextFieldDelegate.m */; };
		57FCA61C1F20EC25001EC9C0 /* PageViewControllerGraph.m in Sources */ = {isa = PBXBuildFile; fileRef = 57FCA61B1F20EC25001EC9C0 /* PageViewControllerGraph.m */; };
		57FCA6201F215C7F001EC9C0 /* Controller.m in Sources */ = {isa = PBXBuildFile; fileRef = 57FCA61F1F215C7F001EC9C0 /* Controller.m */; };
/* End PBXBuildFile section */

/* Begin PBXContainerItemProxy section */
		57FCA5E51F1F6D2E001EC9C0 /* PBXContainerItemProxy */ = {
			isa = PBXContainerItemProxy;
			containerPortal = 57FCA5C31F1F6D2E001EC9C0 /* Project object */;
			proxyType = 1;
			remoteGlobalIDString = 57FCA5CA1F1F6D2E001EC9C0;
			remoteInfo = Revolut;
		};
/* End PBXContainerItemProxy section */

/* Begin PBXFileReference section */
		57FCA5CB1F1F6D2E001EC9C0 /* Revolut.app */ = {isa = PBXFileReference; explicitFileType = wrapper.application; includeInIndex = 0; path = Revolut.app; sourceTree = BUILT_PRODUCTS_DIR; };
		57FCA5CF1F1F6D2E001EC9C0 /* main.m */ = {isa = PBXFileReference; lastKnownFileType = sourcecode.c.objc; path = main.m; sourceTree = "<group>"; };
		57FCA5D11F1F6D2E001EC9C0 /* AppDelegate.h */ = {isa = PBXFileReference; lastKnownFileType = sourcecode.c.h; path = AppDelegate.h; sourceTree = "<group>"; };
		57FCA5D21F1F6D2E001EC9C0 /* AppDelegate.m */ = {isa = PBXFileReference; lastKnownFileType = sourcecode.c.objc; path = AppDelegate.m; sourceTree = "<group>"; };
		57FCA5D41F1F6D2E001EC9C0 /* ViewController.h */ = {isa = PBXFileReference; lastKnownFileType = sourcecode.c.h; path = ViewController.h; sourceTree = "<group>"; };
		57FCA5D51F1F6D2E001EC9C0 /* ViewController.m */ = {isa = PBXFileReference; lastKnownFileType = sourcecode.c.objc; path = ViewController.m; sourceTree = "<group>"; };
		57FCA5DA1F1F6D2E001EC9C0 /* Assets.xcassets */ = {isa = PBXFileReference; lastKnownFileType = folder.assetcatalog; path = Assets.xcassets; sourceTree = "<group>"; };
		57FCA5DD1F1F6D2E001EC9C0 /* Base */ = {isa = PBXFileReference; lastKnownFileType = file.storyboard; name = Base; path = Base.lproj/LaunchScreen.storyboard; sourceTree = "<group>"; };
		57FCA5DF1F1F6D2E001EC9C0 /* Info.plist */ = {isa = PBXFileReference; lastKnownFileType = text.plist.xml; path = Info.plist; sourceTree = "<group>"; };
		57FCA5E41F1F6D2E001EC9C0 /* RevolutTests.xctest */ = {isa = PBXFileReference; explicitFileType = wrapper.cfbundle; includeInIndex = 0; path = RevolutTests.xctest; sourceTree = BUILT_PRODUCTS_DIR; };
		57FCA5E81F1F6D2E001EC9C0 /* RevolutTests.m */ = {isa = PBXFileReference; lastKnownFileType = sourcecode.c.objc; path = RevolutTests.m; sourceTree = "<group>"; };
		57FCA5EA1F1F6D2E001EC9C0 /* Info.plist */ = {isa = PBXFileReference; lastKnownFileType = text.plist.xml; path = Info.plist; sourceTree = "<group>"; };
		57FCA5F31F1F72C6001EC9C0 /* Router.h */ = {isa = PBXFileReference; fileEncoding = 4; lastKnownFileType = sourcecode.c.h; path = Router.h; sourceTree = "<group>"; };
		57FCA5F41F1F72C6001EC9C0 /* Router.m */ = {isa = PBXFileReference; fileEncoding = 4; lastKnownFileType = sourcecode.c.objc; path = Router.m; sourceTree = "<group>"; };
		57FCA5F81F1F9926001EC9C0 /* SearchCurrencyOperation.h */ = {isa = PBXFileReference; fileEncoding = 4; lastKnownFileType = sourcecode.c.h; path = SearchCurrencyOperation.h; sourceTree = "<group>"; };
		57FCA5F91F1F9926001EC9C0 /* SearchCurrencyOperation.m */ = {isa = PBXFileReference; fileEncoding = 4; lastKnownFileType = sourcecode.c.objc; path = SearchCurrencyOperation.m; sourceTree = "<group>"; };
		57FCA5FB1F1FA395001EC9C0 /* AsyncOperation.h */ = {isa = PBXFileReference; fileEncoding = 4; lastKnownFileType = sourcecode.c.h; path = AsyncOperation.h; sourceTree = "<group>"; };
		57FCA5FC1F1FA395001EC9C0 /* AsyncOperation.m */ = {isa = PBXFileReference; fileEncoding = 4; lastKnownFileType = sourcecode.c.objc; path = AsyncOperation.m; sourceTree = "<group>"; };
		57FCA6001F1FB8E8001EC9C0 /* PageVCDataSource.h */ = {isa = PBXFileReference; fileEncoding = 4; lastKnownFileType = sourcecode.c.h; path = PageVCDataSource.h; sourceTree = "<group>"; };
		57FCA6011F1FB8E8001EC9C0 /* PageVCDataSource.m */ = {isa = PBXFileReference; fileEncoding = 4; lastKnownFileType = sourcecode.c.objc; path = PageVCDataSource.m; sourceTree = "<group>"; };
		57FCA6061F1FF0AA001EC9C0 /* ChildControllersViewModel.h */ = {isa = PBXFileReference; fileEncoding = 4; lastKnownFileType = sourcecode.c.h; path = ChildControllersViewModel.h; sourceTree = "<group>"; };
		57FCA6071F1FF0AA001EC9C0 /* ChildControllersViewModel.m */ = {isa = PBXFileReference; fileEncoding = 4; lastKnownFileType = sourcecode.c.objc; path = ChildControllersViewModel.m; sourceTree = "<group>"; };
		57FCA6091F1FF320001EC9C0 /* ChildViewController.h */ = {isa = PBXFileReference; fileEncoding = 4; lastKnownFileType = sourcecode.c.h; path = ChildViewController.h; sourceTree = "<group>"; };
		57FCA60A1F1FF320001EC9C0 /* ChildViewController.m */ = {isa = PBXFileReference; fileEncoding = 4; lastKnownFileType = sourcecode.c.objc; path = ChildViewController.m; sourceTree = "<group>"; };
		57FCA60C1F20159C001EC9C0 /* ViewControllerViewModel.h */ = {isa = PBXFileReference; fileEncoding = 4; lastKnownFileType = sourcecode.c.h; path = ViewControllerViewModel.h; sourceTree = "<group>"; };
		57FCA60D1F20159C001EC9C0 /* ViewControllerViewModel.m */ = {isa = PBXFileReference; fileEncoding = 4; lastKnownFileType = sourcecode.c.objc; path = ViewControllerViewModel.m; sourceTree = "<group>"; };
		57FCA6111F20B869001EC9C0 /* PageVCDelegate.h */ = {isa = PBXFileReference; fileEncoding = 4; lastKnownFileType = sourcecode.c.h; path = PageVCDelegate.h; sourceTree = "<group>"; };
		57FCA6121F20B869001EC9C0 /* PageVCDelegate.m */ = {isa = PBXFileReference; fileEncoding = 4; lastKnownFileType = sourcecode.c.objc; path = PageVCDelegate.m; sourceTree = "<group>"; };
		57FCA6141F20CC13001EC9C0 /* TextFieldDelegate.h */ = {isa = PBXFileReference; fileEncoding = 4; lastKnownFileType = sourcecode.c.h; path = TextFieldDelegate.h; sourceTree = "<group>"; };
		57FCA6151F20CC13001EC9C0 /* TextFieldDelegate.m */ = {isa = PBXFileReference; fileEncoding = 4; lastKnownFileType = sourcecode.c.objc; path = TextFieldDelegate.m; sourceTree = "<group>"; };
		57FCA61A1F20EC25001EC9C0 /* PageViewControllerGraph.h */ = {isa = PBXFileReference; fileEncoding = 4; lastKnownFileType = sourcecode.c.h; path = PageViewControllerGraph.h; sourceTree = "<group>"; };
		57FCA61B1F20EC25001EC9C0 /* PageViewControllerGraph.m */ = {isa = PBXFileReference; fileEncoding = 4; lastKnownFileType = sourcecode.c.objc; path = PageViewControllerGraph.m; sourceTree = "<group>"; };
		57FCA61E1F215C7F001EC9C0 /* Controller.h */ = {isa = PBXFileReference; fileEncoding = 4; lastKnownFileType = sourcecode.c.h; path = Controller.h; sourceTree = "<group>"; };
		57FCA61F1F215C7F001EC9C0 /* Controller.m */ = {isa = PBXFileReference; fileEncoding = 4; lastKnownFileType = sourcecode.c.objc; path = Controller.m; sourceTree = "<group>"; };
		57FCA6211F2161FD001EC9C0 /* UI.h */ = {isa = PBXFileReference; lastKnownFileType = sourcecode.c.h; path = UI.h; sourceTree = "<group>"; };
/* End PBXFileReference section */

/* Begin PBXFrameworksBuildPhase section */
		57FCA5C81F1F6D2E001EC9C0 /* Frameworks */ = {
			isa = PBXFrameworksBuildPhase;
			buildActionMask = 2147483647;
			files = (
			);
			runOnlyForDeploymentPostprocessing = 0;
		};
		57FCA5E11F1F6D2E001EC9C0 /* Frameworks */ = {
			isa = PBXFrameworksBuildPhase;
			buildActionMask = 2147483647;
			files = (
			);
			runOnlyForDeploymentPostprocessing = 0;
		};
/* End PBXFrameworksBuildPhase section */

/* Begin PBXGroup section */
		579A59321F2546BA00729780 /* Buseness Logic layer */ = {
			isa = PBXGroup;
			children = (
				57FCA61E1F215C7F001EC9C0 /* Controller.h */,
				57FCA61F1F215C7F001EC9C0 /* Controller.m */,
				57FCA61A1F20EC25001EC9C0 /* PageViewControllerGraph.h */,
				57FCA61B1F20EC25001EC9C0 /* PageViewControllerGraph.m */,
			);
			name = "Buseness Logic layer";
			sourceTree = "<group>";
		};
		57FCA5C21F1F6D2E001EC9C0 = {
			isa = PBXGroup;
			children = (
				57FCA5CD1F1F6D2E001EC9C0 /* Revolut */,
				57FCA5E71F1F6D2E001EC9C0 /* RevolutTests */,
				57FCA5CC1F1F6D2E001EC9C0 /* Products */,
			);
			sourceTree = "<group>";
		};
		57FCA5CC1F1F6D2E001EC9C0 /* Products */ = {
			isa = PBXGroup;
			children = (
				57FCA5CB1F1F6D2E001EC9C0 /* Revolut.app */,
				57FCA5E41F1F6D2E001EC9C0 /* RevolutTests.xctest */,
			);
			name = Products;
			sourceTree = "<group>";
		};
		57FCA5CD1F1F6D2E001EC9C0 /* Revolut */ = {
			isa = PBXGroup;
			children = (
				57FCA5D11F1F6D2E001EC9C0 /* AppDelegate.h */,
				57FCA5D21F1F6D2E001EC9C0 /* AppDelegate.m */,
				57FCA5FF1F1FAD3C001EC9C0 /* Operations */,
				57FCA5F61F1F72CD001EC9C0 /* Router */,
				579A59321F2546BA00729780 /* Buseness Logic layer */,
				57FCA5F71F1F7496001EC9C0 /* Presentation Layer */,
				57FCA5DA1F1F6D2E001EC9C0 /* Assets.xcassets */,
				57FCA5DC1F1F6D2E001EC9C0 /* LaunchScreen.storyboard */,
				57FCA5DF1F1F6D2E001EC9C0 /* Info.plist */,
				57FCA5CE1F1F6D2E001EC9C0 /* Supporting Files */,
			);
			path = Revolut;
			sourceTree = "<group>";
		};
		57FCA5CE1F1F6D2E001EC9C0 /* Supporting Files */ = {
			isa = PBXGroup;
			children = (
				57FCA5CF1F1F6D2E001EC9C0 /* main.m */,
			);
			name = "Supporting Files";
			sourceTree = "<group>";
		};
		57FCA5E71F1F6D2E001EC9C0 /* RevolutTests */ = {
			isa = PBXGroup;
			children = (
				57FCA5E81F1F6D2E001EC9C0 /* RevolutTests.m */,
				57FCA5EA1F1F6D2E001EC9C0 /* Info.plist */,
			);
			path = RevolutTests;
			sourceTree = "<group>";
		};
		57FCA5F61F1F72CD001EC9C0 /* Router */ = {
			isa = PBXGroup;
			children = (
				57FCA5F31F1F72C6001EC9C0 /* Router.h */,
				57FCA5F41F1F72C6001EC9C0 /* Router.m */,
			);
			name = Router;
			sourceTree = "<group>";
		};
		57FCA5F71F1F7496001EC9C0 /* Presentation Layer */ = {
			isa = PBXGroup;
			children = (
				57FCA61D1F20F09C001EC9C0 /* Delegates */,
				57FCA6101F20AF10001EC9C0 /* View Controllers */,
				57FCA60F1F20AEFE001EC9C0 /* View Models */,
			);
			name = "Presentation Layer";
			sourceTree = "<group>";
		};
		57FCA5FF1F1FAD3C001EC9C0 /* Operations */ = {
			isa = PBXGroup;
			children = (
				57FCA5F81F1F9926001EC9C0 /* SearchCurrencyOperation.h */,
				57FCA5F91F1F9926001EC9C0 /* SearchCurrencyOperation.m */,
				57FCA5FB1F1FA395001EC9C0 /* AsyncOperation.h */,
				57FCA5FC1F1FA395001EC9C0 /* AsyncOperation.m */,
			);
			name = Operations;
			sourceTree = "<group>";
		};
		57FCA60F1F20AEFE001EC9C0 /* View Models */ = {
			isa = PBXGroup;
			children = (
				57FCA60C1F20159C001EC9C0 /* ViewControllerViewModel.h */,
				57FCA60D1F20159C001EC9C0 /* ViewControllerViewModel.m */,
				57FCA6061F1FF0AA001EC9C0 /* ChildControllersViewModel.h */,
				57FCA6071F1FF0AA001EC9C0 /* ChildControllersViewModel.m */,
			);
			name = "View Models";
			sourceTree = "<group>";
		};
		57FCA6101F20AF10001EC9C0 /* View Controllers */ = {
			isa = PBXGroup;
			children = (
				57FCA6211F2161FD001EC9C0 /* UI.h */,
				57FCA5D41F1F6D2E001EC9C0 /* ViewController.h */,
				57FCA5D51F1F6D2E001EC9C0 /* ViewController.m */,
				57FCA6001F1FB8E8001EC9C0 /* PageVCDataSource.h */,
				57FCA6011F1FB8E8001EC9C0 /* PageVCDataSource.m */,
				57FCA6091F1FF320001EC9C0 /* ChildViewController.h */,
				57FCA60A1F1FF320001EC9C0 /* ChildViewController.m */,
			);
			name = "View Controllers";
			sourceTree = "<group>";
		};
		57FCA61D1F20F09C001EC9C0 /* Delegates */ = {
			isa = PBXGroup;
			children = (
				57FCA6111F20B869001EC9C0 /* PageVCDelegate.h */,
				57FCA6121F20B869001EC9C0 /* PageVCDelegate.m */,
				57FCA6141F20CC13001EC9C0 /* TextFieldDelegate.h */,
				57FCA6151F20CC13001EC9C0 /* TextFieldDelegate.m */,
			);
			name = Delegates;
			sourceTree = "<group>";
		};
/* End PBXGroup section */

/* Begin PBXNativeTarget section */
		57FCA5CA1F1F6D2E001EC9C0 /* Revolut */ = {
			isa = PBXNativeTarget;
			buildConfigurationList = 57FCA5ED1F1F6D2E001EC9C0 /* Build configuration list for PBXNativeTarget "Revolut" */;
			buildPhases = (
				57FCA5C71F1F6D2E001EC9C0 /* Sources */,
				57FCA5C81F1F6D2E001EC9C0 /* Frameworks */,
				57FCA5C91F1F6D2E001EC9C0 /* Resources */,
			);
			buildRules = (
			);
			dependencies = (
			);
			name = Revolut;
			productName = Revolut;
			productReference = 57FCA5CB1F1F6D2E001EC9C0 /* Revolut.app */;
			productType = "com.apple.product-type.application";
		};
		57FCA5E31F1F6D2E001EC9C0 /* RevolutTests */ = {
			isa = PBXNativeTarget;
			buildConfigurationList = 57FCA5F01F1F6D2E001EC9C0 /* Build configuration list for PBXNativeTarget "RevolutTests" */;
			buildPhases = (
				57FCA5E01F1F6D2E001EC9C0 /* Sources */,
				57FCA5E11F1F6D2E001EC9C0 /* Frameworks */,
				57FCA5E21F1F6D2E001EC9C0 /* Resources */,
			);
			buildRules = (
			);
			dependencies = (
				57FCA5E61F1F6D2E001EC9C0 /* PBXTargetDependency */,
			);
			name = RevolutTests;
			productName = RevolutTests;
			productReference = 57FCA5E41F1F6D2E001EC9C0 /* RevolutTests.xctest */;
			productType = "com.apple.product-type.bundle.unit-test";
		};
/* End PBXNativeTarget section */

/* Begin PBXProject section */
		57FCA5C31F1F6D2E001EC9C0 /* Project object */ = {
			isa = PBXProject;
			attributes = {
				LastUpgradeCheck = 0830;
				ORGANIZATIONNAME = IP;
				TargetAttributes = {
					57FCA5CA1F1F6D2E001EC9C0 = {
						CreatedOnToolsVersion = 8.3.2;
						ProvisioningStyle = Automatic;
					};
					57FCA5E31F1F6D2E001EC9C0 = {
						CreatedOnToolsVersion = 8.3.2;
						ProvisioningStyle = Automatic;
						TestTargetID = 57FCA5CA1F1F6D2E001EC9C0;
					};
				};
			};
			buildConfigurationList = 57FCA5C61F1F6D2E001EC9C0 /* Build configuration list for PBXProject "Revolut" */;
			compatibilityVersion = "Xcode 3.2";
			developmentRegion = English;
			hasScannedForEncodings = 0;
			knownRegions = (
				en,
				Base,
			);
			mainGroup = 57FCA5C21F1F6D2E001EC9C0;
			productRefGroup = 57FCA5CC1F1F6D2E001EC9C0 /* Products */;
			projectDirPath = "";
			projectRoot = "";
			targets = (
				57FCA5CA1F1F6D2E001EC9C0 /* Revolut */,
				57FCA5E31F1F6D2E001EC9C0 /* RevolutTests */,
			);
		};
/* End PBXProject section */

/* Begin PBXResourcesBuildPhase section */
		57FCA5C91F1F6D2E001EC9C0 /* Resources */ = {
			isa = PBXResourcesBuildPhase;
			buildActionMask = 2147483647;
			files = (
				57FCA5DE1F1F6D2E001EC9C0 /* LaunchScreen.storyboard in Resources */,
				57FCA5DB1F1F6D2E001EC9C0 /* Assets.xcassets in Resources */,
			);
			runOnlyForDeploymentPostprocessing = 0;
		};
		57FCA5E21F1F6D2E001EC9C0 /* Resources */ = {
			isa = PBXResourcesBuildPhase;
			buildActionMask = 2147483647;
			files = (
			);
			runOnlyForDeploymentPostprocessing = 0;
		};
/* End PBXResourcesBuildPhase section */

/* Begin PBXSourcesBuildPhase section */
		57FCA5C71F1F6D2E001EC9C0 /* Sources */ = {
			isa = PBXSourcesBuildPhase;
			buildActionMask = 2147483647;
			files = (
				57FCA61C1F20EC25001EC9C0 /* PageViewControllerGraph.m in Sources */,
				57FCA5FD1F1FA395001EC9C0 /* AsyncOperation.m in Sources */,
				57FCA5F51F1F72C7001EC9C0 /* Router.m in Sources */,
				57FCA5FA1F1F9926001EC9C0 /* SearchCurrencyOperation.m in Sources */,
				57FCA6131F20B869001EC9C0 /* PageVCDelegate.m in Sources */,
				57FCA5D61F1F6D2E001EC9C0 /* ViewController.m in Sources */,
				57FCA5D31F1F6D2E001EC9C0 /* AppDelegate.m in Sources */,
				57FCA60E1F20159C001EC9C0 /* ViewControllerViewModel.m in Sources */,
				57FCA6081F1FF0AA001EC9C0 /* ChildControllersViewModel.m in Sources */,
				57FCA6021F1FB8E8001EC9C0 /* PageVCDataSource.m in Sources */,
				57FCA6201F215C7F001EC9C0 /* Controller.m in Sources */,
				57FCA60B1F1FF320001EC9C0 /* ChildViewController.m in Sources */,
				57FCA6161F20CC13001EC9C0 /* TextFieldDelegate.m in Sources */,
				57FCA5D01F1F6D2E001EC9C0 /* main.m in Sources */,
			);
			runOnlyForDeploymentPostprocessing = 0;
		};
		57FCA5E01F1F6D2E001EC9C0 /* Sources */ = {
			isa = PBXSourcesBuildPhase;
			buildActionMask = 2147483647;
			files = (
				57FCA5E91F1F6D2E001EC9C0 /* RevolutTests.m in Sources */,
			);
			runOnlyForDeploymentPostprocessing = 0;
		};
/* End PBXSourcesBuildPhase section */

/* Begin PBXTargetDependency section */
		57FCA5E61F1F6D2E001EC9C0 /* PBXTargetDependency */ = {
			isa = PBXTargetDependency;
			target = 57FCA5CA1F1F6D2E001EC9C0 /* Revolut */;
			targetProxy = 57FCA5E51F1F6D2E001EC9C0 /* PBXContainerItemProxy */;
		};
/* End PBXTargetDependency section */

/* Begin PBXVariantGroup section */
		57FCA5DC1F1F6D2E001EC9C0 /* LaunchScreen.storyboard */ = {
			isa = PBXVariantGroup;
			children = (
				57FCA5DD1F1F6D2E001EC9C0 /* Base */,
			);
			name = LaunchScreen.storyboard;
			sourceTree = "<group>";
		};
/* End PBXVariantGroup section */

/* Begin XCBuildConfiguration section */
		57FCA5EB1F1F6D2E001EC9C0 /* Debug */ = {
			isa = XCBuildConfiguration;
			buildSettings = {
				ALWAYS_SEARCH_USER_PATHS = NO;
				CLANG_ANALYZER_NONNULL = YES;
				CLANG_ANALYZER_NUMBER_OBJECT_CONVERSION = YES_AGGRESSIVE;
				CLANG_CXX_LANGUAGE_STANDARD = "gnu++0x";
				CLANG_CXX_LIBRARY = "libc++";
				CLANG_ENABLE_MODULES = YES;
				CLANG_ENABLE_OBJC_ARC = YES;
				CLANG_WARN_BOOL_CONVERSION = YES;
				CLANG_WARN_CONSTANT_CONVERSION = YES;
				CLANG_WARN_DIRECT_OBJC_ISA_USAGE = YES_ERROR;
				CLANG_WARN_DOCUMENTATION_COMMENTS = YES;
				CLANG_WARN_EMPTY_BODY = YES;
				CLANG_WARN_ENUM_CONVERSION = YES;
				CLANG_WARN_INFINITE_RECURSION = YES;
				CLANG_WARN_INT_CONVERSION = YES;
				CLANG_WARN_OBJC_ROOT_CLASS = YES_ERROR;
				CLANG_WARN_SUSPICIOUS_MOVE = YES;
				CLANG_WARN_UNREACHABLE_CODE = YES;
				CLANG_WARN__DUPLICATE_METHOD_MATCH = YES;
				"CODE_SIGN_IDENTITY[sdk=iphoneos*]" = "iPhone Developer";
				COPY_PHASE_STRIP = NO;
				DEBUG_INFORMATION_FORMAT = dwarf;
				ENABLE_STRICT_OBJC_MSGSEND = YES;
				ENABLE_TESTABILITY = YES;
				GCC_C_LANGUAGE_STANDARD = gnu99;
				GCC_DYNAMIC_NO_PIC = NO;
				GCC_NO_COMMON_BLOCKS = YES;
				GCC_OPTIMIZATION_LEVEL = 0;
				GCC_PREPROCESSOR_DEFINITIONS = (
					"DEBUG=1",
					"$(inherited)",
				);
				GCC_WARN_64_TO_32_BIT_CONVERSION = YES;
				GCC_WARN_ABOUT_RETURN_TYPE = YES_ERROR;
				GCC_WARN_UNDECLARED_SELECTOR = YES;
				GCC_WARN_UNINITIALIZED_AUTOS = YES_AGGRESSIVE;
				GCC_WARN_UNUSED_FUNCTION = YES;
				GCC_WARN_UNUSED_VARIABLE = YES;
				IPHONEOS_DEPLOYMENT_TARGET = 10.3;
				MTL_ENABLE_DEBUG_INFO = YES;
				ONLY_ACTIVE_ARCH = YES;
				SDKROOT = iphoneos;
			};
			name = Debug;
		};
		57FCA5EC1F1F6D2E001EC9C0 /* Release */ = {
			isa = XCBuildConfiguration;
			buildSettings = {
				ALWAYS_SEARCH_USER_PATHS = NO;
				CLANG_ANALYZER_NONNULL = YES;
				CLANG_ANALYZER_NUMBER_OBJECT_CONVERSION = YES_AGGRESSIVE;
				CLANG_CXX_LANGUAGE_STANDARD = "gnu++0x";
				CLANG_CXX_LIBRARY = "libc++";
				CLANG_ENABLE_MODULES = YES;
				CLANG_ENABLE_OBJC_ARC = YES;
				CLANG_WARN_BOOL_CONVERSION = YES;
				CLANG_WARN_CONSTANT_CONVERSION = YES;
				CLANG_WARN_DIRECT_OBJC_ISA_USAGE = YES_ERROR;
				CLANG_WARN_DOCUMENTATION_COMMENTS = YES;
				CLANG_WARN_EMPTY_BODY = YES;
				CLANG_WARN_ENUM_CONVERSION = YES;
				CLANG_WARN_INFINITE_RECURSION = YES;
				CLANG_WARN_INT_CONVERSION = YES;
				CLANG_WARN_OBJC_ROOT_CLASS = YES_ERROR;
				CLANG_WARN_SUSPICIOUS_MOVE = YES;
				CLANG_WARN_UNREACHABLE_CODE = YES;
				CLANG_WARN__DUPLICATE_METHOD_MATCH = YES;
				"CODE_SIGN_IDENTITY[sdk=iphoneos*]" = "iPhone Developer";
				COPY_PHASE_STRIP = NO;
				DEBUG_INFORMATION_FORMAT = "dwarf-with-dsym";
				ENABLE_NS_ASSERTIONS = NO;
				ENABLE_STRICT_OBJC_MSGSEND = YES;
				GCC_C_LANGUAGE_STANDARD = gnu99;
				GCC_NO_COMMON_BLOCKS = YES;
				GCC_WARN_64_TO_32_BIT_CONVERSION = YES;
				GCC_WARN_ABOUT_RETURN_TYPE = YES_ERROR;
				GCC_WARN_UNDECLARED_SELECTOR = YES;
				GCC_WARN_UNINITIALIZED_AUTOS = YES_AGGRESSIVE;
				GCC_WARN_UNUSED_FUNCTION = YES;
				GCC_WARN_UNUSED_VARIABLE = YES;
				IPHONEOS_DEPLOYMENT_TARGET = 10.3;
				MTL_ENABLE_DEBUG_INFO = NO;
				SDKROOT = iphoneos;
				VALIDATE_PRODUCT = YES;
			};
			name = Release;
		};
		57FCA5EE1F1F6D2E001EC9C0 /* Debug */ = {
			isa = XCBuildConfiguration;
			buildSettings = {
				ASSETCATALOG_COMPILER_APPICON_NAME = AppIcon;
				INFOPLIST_FILE = Revolut/Info.plist;
				LD_RUNPATH_SEARCH_PATHS = "$(inherited) @executable_path/Frameworks";
				PRODUCT_BUNDLE_IDENTIFIER = IP.Revolut;
				PRODUCT_NAME = "$(TARGET_NAME)";
			};
			name = Debug;
		};
		57FCA5EF1F1F6D2E001EC9C0 /* Release */ = {
			isa = XCBuildConfiguration;
			buildSettings = {
				ASSETCATALOG_COMPILER_APPICON_NAME = AppIcon;
				INFOPLIST_FILE = Revolut/Info.plist;
				LD_RUNPATH_SEARCH_PATHS = "$(inherited) @executable_path/Frameworks";
				PRODUCT_BUNDLE_IDENTIFIER = IP.Revolut;
				PRODUCT_NAME = "$(TARGET_NAME)";
			};
			name = Release;
		};
		57FCA5F11F1F6D2E001EC9C0 /* Debug */ = {
			isa = XCBuildConfiguration;
			buildSettings = {
				BUNDLE_LOADER = "$(TEST_HOST)";
				INFOPLIST_FILE = RevolutTests/Info.plist;
				LD_RUNPATH_SEARCH_PATHS = "$(inherited) @executable_path/Frameworks @loader_path/Frameworks";
				PRODUCT_BUNDLE_IDENTIFIER = IP.RevolutTests;
				PRODUCT_NAME = "$(TARGET_NAME)";
				TEST_HOST = "$(BUILT_PRODUCTS_DIR)/Revolut.app/Revolut";
			};
			name = Debug;
		};
		57FCA5F21F1F6D2E001EC9C0 /* Release */ = {
			isa = XCBuildConfiguration;
			buildSettings = {
				BUNDLE_LOADER = "$(TEST_HOST)";
				INFOPLIST_FILE = RevolutTests/Info.plist;
				LD_RUNPATH_SEARCH_PATHS = "$(inherited) @executable_path/Frameworks @loader_path/Frameworks";
				PRODUCT_BUNDLE_IDENTIFIER = IP.RevolutTests;
				PRODUCT_NAME = "$(TARGET_NAME)";
				TEST_HOST = "$(BUILT_PRODUCTS_DIR)/Revolut.app/Revolut";
			};
			name = Release;
		};
/* End XCBuildConfiguration section */

/* Begin XCConfigurationList section */
		57FCA5C61F1F6D2E001EC9C0 /* Build configuration list for PBXProject "Revolut" */ = {
			isa = XCConfigurationList;
			buildConfigurations = (
				57FCA5EB1F1F6D2E001EC9C0 /* Debug */,
				57FCA5EC1F1F6D2E001EC9C0 /* Release */,
			);
			defaultConfigurationIsVisible = 0;
			defaultConfigurationName = Release;
		};
		57FCA5ED1F1F6D2E001EC9C0 /* Build configuration list for PBXNativeTarget "Revolut" */ = {
			isa = XCConfigurationList;
			buildConfigurations = (
				57FCA5EE1F1F6D2E001EC9C0 /* Debug */,
				57FCA5EF1F1F6D2E001EC9C0 /* Release */,
			);
			defaultConfigurationIsVisible = 0;
			defaultConfigurationName = Release;
		};
		57FCA5F01F1F6D2E001EC9C0 /* Build configuration list for PBXNativeTarget "RevolutTests" */ = {
			isa = XCConfigurationList;
			buildConfigurations = (
				57FCA5F11F1F6D2E001EC9C0 /* Debug */,
				57FCA5F21F1F6D2E001EC9C0 /* Release */,
			);
			defaultConfigurationIsVisible = 0;
			defaultConfigurationName = Release;
		};
/* End XCConfigurationList section */
	};
	rootObject = 57FCA5C31F1F6D2E001EC9C0 /* Project object */;
}
